{
  "version": 4,
  "terraform_version": "1.13.0",
  "serial": 3,
  "lineage": "3731c74f-5647-ec68-bd85-f512788e8879",
  "outputs": {},
  "resources": [
    {
      "mode": "managed",
      "type": "proxmox_lxc",
      "name": "test_container",
      "provider": "provider[\"registry.terraform.io/telmate/proxmox\"]",
      "instances": [
        {
          "schema_version": 0,
          "attributes": {
            "arch": "amd64",
            "bwlimit": 0,
            "clone": null,
            "clone_storage": null,
            "cmode": "tty",
            "console": true,
            "cores": 1,
            "cpulimit": 0,
            "cpuunits": 1024,
            "current_node": "thor",
            "description": "",
            "features": [],
            "force": false,
            "full": null,
            "hagroup": "",
            "hastate": "",
            "hookscript": "",
            "hostname": "test-lxc",
            "id": "thor/lxc/201",
            "ignore_unpack_errors": false,
            "lock": "",
            "memory": 512,
            "mountpoint": [],
            "nameserver": "",
            "network": [
              {
                "bridge": "vmbr0",
                "firewall": false,
                "gw": "",
                "gw6": "",
                "hwaddr": "BC:24:11:86:7F:16",
                "id": 0,
                "ip": "dhcp",
                "ip6": "",
                "mtu": 0,
                "name": "eth0",
                "rate": 0,
                "tag": 0,
                "trunks": "",
                "type": "veth"
              }
            ],
            "onboot": false,
            "ostemplate": "local:vztmpl/ubuntu-22.04-standard_22.04-1_amd64.tar.zst",
            "ostype": "ubuntu",
            "password": "hamster1",
            "pool": null,
            "protection": false,
            "restore": false,
            "rootfs": [
              {
                "acl": false,
                "quota": false,
                "replicate": false,
                "ro": false,
                "shared": false,
                "size": "8G",
                "storage": "local-lvm",
                "volume": "local-lvm:vm-201-disk-0"
              }
            ],
            "searchdomain": "",
            "ssh_public_keys": null,
            "start": true,
            "startup": "",
            "swap": 512,
            "tags": "",
            "target_node": "thor",
            "template": false,
            "timeouts": null,
            "tty": 2,
            "unique": false,
            "unprivileged": false,
            "unused": [],
            "vmid": 201
          },
          "sensitive_attributes": [
            [
              {
                "type": "get_attr",
                "value": "password"
              }
            ]
          ],
          "identity_schema_version": 0,
          "private": "eyJlMmJmYjczMC1lY2FhLTExZTYtOGY4OC0zNDM2M2JjN2M0YzAiOnsiY3JlYXRlIjoxMjAwMDAwMDAwMDAwLCJkZWZhdWx0IjoxMjAwMDAwMDAwMDAwLCJkZWxldGUiOjEyMDAwMDAwMDAwMDAsInJlYWQiOjEyMDAwMDAwMDAwMDAsInVwZGF0ZSI6MTIwMDAwMDAwMDAwMH19"
        }
      ]
    }
  ],
  "check_results": null
}
